
Microsoft Visual Studio Solution File, Format Version 12.00
# Visual Studio Version 17
VisualStudioVersion = 17.4.33213.308
MinimumVisualStudioVersion = 10.0.40219.1
Project("{13B669BE-BB05-4DDF-9536-439F39A36129}") = "games5e", "Games5e\games5e.phpproj", "{43FCE1F3-5A8A-4C97-8F6A-BF4D236108CA}"
EndProject
Global
	GlobalSection(SolutionConfigurationPlatforms) = preSolution
		Debug|Any CPU = Debug|Any CPU
		Release|Any CPU = Release|Any CPU
	EndGlobalSection
	GlobalSection(ProjectConfigurationPlatforms) = postSolution
		{43FCE1F3-5A8A-4C97-8F6A-BF4D236108CA}.Debug|Any CPU.ActiveCfg = Debug|Any CPU
		{43FCE1F3-5A8A-4C97-8F6A-BF4D236108CA}.Debug|Any CPU.Build.0 = Debug|Any CPU
		{43FCE1F3-5A8A-4C97-8F6A-BF4D236108CA}.Release|Any CPU.ActiveCfg = Release|Any CPU
		{43FCE1F3-5A8A-4C97-8F6A-BF4D236108CA}.Release|Any CPU.Build.0 = Release|Any CPU
	EndGlobalSection
	GlobalSection(SolutionProperties) = preSolution
		HideSolutionNode = FALSE
	EndGlobalSection
	GlobalSection(ExtensibilityGlobals) = postSolution
		SolutionGuid = {E9532ED8-7079-4A45-86FC-E4D84850FF5A}
	EndGlobalSection
EndGlobal
